
Microsoft Visual Studio Solution File, Format Version 12.00
# Visual Studio Version 17
VisualStudioVersion = 17.7.34009.444
MinimumVisualStudioVersion = 10.0.40219.1
Project("{FAE04EC0-301F-11D3-BF4B-00C04F79EFBC}") = "BTLWEB", "BTLWEB\BTLWEB.csproj", "{9B99A8A0-46C4-4FF6-97BE-AD8627BB1853}"
EndProject
Global
	GlobalSection(SolutionConfigurationPlatforms) = preSolution
		Debug|Any CPU = Debug|Any CPU
		Release|Any CPU = Release|Any CPU
	EndGlobalSection
	GlobalSection(ProjectConfigurationPlatforms) = postSolution
		{9B99A8A0-46C4-4FF6-97BE-AD8627BB1853}.Debug|Any CPU.ActiveCfg = Debug|Any CPU
		{9B99A8A0-46C4-4FF6-97BE-AD8627BB1853}.Debug|Any CPU.Build.0 = Debug|Any CPU
		{9B99A8A0-46C4-4FF6-97BE-AD8627BB1853}.Release|Any CPU.ActiveCfg = Release|Any CPU
		{9B99A8A0-46C4-4FF6-97BE-AD8627BB1853}.Release|Any CPU.Build.0 = Release|Any CPU
	EndGlobalSection
	GlobalSection(SolutionProperties) = preSolution
		HideSolutionNode = FALSE
	EndGlobalSection
	GlobalSection(ExtensibilityGlobals) = postSolution
		SolutionGuid = {DC15338D-B0F1-439C-AC6E-29D6E610E763}
	EndGlobalSection
EndGlobal
